
Microsoft Visual Studio Solution File, Format Version 12.00
# Visual Studio Version 17
VisualStudioVersion = 17.10.34928.147
MinimumVisualStudioVersion = 10.0.40219.1
Project("{9A19103F-16F7-4668-BE54-9A1E7A4F7556}") = "Nop.Plugin.Widget.OfferBanner", "Nop.Plugin.Widget.OfferBanner.csproj", "{4DA4BF8D-F6CF-4B27-B1F4-254D8E20D495}"
EndProject
Global
	GlobalSection(SolutionConfigurationPlatforms) = preSolution
		Debug|Any CPU = Debug|Any CPU
		Release|Any CPU = Release|Any CPU
	EndGlobalSection
	GlobalSection(ProjectConfigurationPlatforms) = postSolution
		{4DA4BF8D-F6CF-4B27-B1F4-254D8E20D495}.Debug|Any CPU.ActiveCfg = Debug|Any CPU
		{4DA4BF8D-F6CF-4B27-B1F4-254D8E20D495}.Debug|Any CPU.Build.0 = Debug|Any CPU
		{4DA4BF8D-F6CF-4B27-B1F4-254D8E20D495}.Release|Any CPU.ActiveCfg = Release|Any CPU
		{4DA4BF8D-F6CF-4B27-B1F4-254D8E20D495}.Release|Any CPU.Build.0 = Release|Any CPU
	EndGlobalSection
	GlobalSection(SolutionProperties) = preSolution
		HideSolutionNode = FALSE
	EndGlobalSection
	GlobalSection(ExtensibilityGlobals) = postSolution
		SolutionGuid = {C56AD48D-70DE-419C-A08C-F2E3B830673D}
	EndGlobalSection
EndGlobal
